
Microsoft Visual Studio Solution File, Format Version 12.00
# Visual Studio Version 16
VisualStudioVersion = 16.0.30621.155
MinimumVisualStudioVersion = 10.0.40219.1
Project("{FAE04EC0-301F-11D3-BF4B-00C04F79EFBC}") = "PizzaDelivery", "PizzaDelivery\PizzaDelivery.csproj", "{F606FB81-A769-481B-A6D8-6CB336366752}"
EndProject
Global
	GlobalSection(SolutionConfigurationPlatforms) = preSolution
		Debug|Any CPU = Debug|Any CPU
		Release|Any CPU = Release|Any CPU
	EndGlobalSection
	GlobalSection(ProjectConfigurationPlatforms) = postSolution
		{F606FB81-A769-481B-A6D8-6CB336366752}.Debug|Any CPU.ActiveCfg = Debug|Any CPU
		{F606FB81-A769-481B-A6D8-6CB336366752}.Debug|Any CPU.Build.0 = Debug|Any CPU
		{F606FB81-A769-481B-A6D8-6CB336366752}.Release|Any CPU.ActiveCfg = Release|Any CPU
		{F606FB81-A769-481B-A6D8-6CB336366752}.Release|Any CPU.Build.0 = Release|Any CPU
	EndGlobalSection
	GlobalSection(SolutionProperties) = preSolution
		HideSolutionNode = FALSE
	EndGlobalSection
	GlobalSection(ExtensibilityGlobals) = postSolution
		SolutionGuid = {12E0A9DF-541B-4D41-9EAE-BB040F83FE49}
	EndGlobalSection
EndGlobal
